
Microsoft Visual Studio Solution File, Format Version 12.00
# Visual Studio Version 17
VisualStudioVersion = 17.11.35208.52
MinimumVisualStudioVersion = 10.0.40219.1
Project("{FAE04EC0-301F-11D3-BF4B-00C04F79EFBC}") = "VerticalSliceArchitecture.API", "VerticalSliceArchitecture.API\VerticalSliceArchitecture.API.csproj", "{5764B0FB-44B3-4D48-8BFF-35DF0467BA97}"
EndProject
Project("{2150E333-8FDC-42A3-9474-1A3956D46DE8}") = "Notes", "Notes", "{99B68A21-DCFB-428B-93B1-357FF02BB161}"
EndProject
Global
	GlobalSection(SolutionConfigurationPlatforms) = preSolution
		Debug|Any CPU = Debug|Any CPU
		Release|Any CPU = Release|Any CPU
	EndGlobalSection
	GlobalSection(ProjectConfigurationPlatforms) = postSolution
		{5764B0FB-44B3-4D48-8BFF-35DF0467BA97}.Debug|Any CPU.ActiveCfg = Debug|Any CPU
		{5764B0FB-44B3-4D48-8BFF-35DF0467BA97}.Debug|Any CPU.Build.0 = Debug|Any CPU
		{5764B0FB-44B3-4D48-8BFF-35DF0467BA97}.Release|Any CPU.ActiveCfg = Release|Any CPU
		{5764B0FB-44B3-4D48-8BFF-35DF0467BA97}.Release|Any CPU.Build.0 = Release|Any CPU
	EndGlobalSection
	GlobalSection(SolutionProperties) = preSolution
		HideSolutionNode = FALSE
	EndGlobalSection
	GlobalSection(ExtensibilityGlobals) = postSolution
		SolutionGuid = {DE7A2D47-0777-4C96-80AA-7AB9CADE9BC0}
	EndGlobalSection
EndGlobal
